
Microsoft Visual Studio Solution File, Format Version 12.00
# Visual Studio Version 17
VisualStudioVersion = 17.9.34728.123
MinimumVisualStudioVersion = 10.0.40219.1
Project("{FAE04EC0-301F-11D3-BF4B-00C04F79EFBC}") = "razor_crud", "razor_crud\razor_crud.csproj", "{C3C063FC-FFC0-4BCD-86FC-AC7B5C15695A}"
EndProject
Global
	GlobalSection(SolutionConfigurationPlatforms) = preSolution
		Debug|Any CPU = Debug|Any CPU
		Release|Any CPU = Release|Any CPU
	EndGlobalSection
	GlobalSection(ProjectConfigurationPlatforms) = postSolution
		{C3C063FC-FFC0-4BCD-86FC-AC7B5C15695A}.Debug|Any CPU.ActiveCfg = Debug|Any CPU
		{C3C063FC-FFC0-4BCD-86FC-AC7B5C15695A}.Debug|Any CPU.Build.0 = Debug|Any CPU
		{C3C063FC-FFC0-4BCD-86FC-AC7B5C15695A}.Release|Any CPU.ActiveCfg = Release|Any CPU
		{C3C063FC-FFC0-4BCD-86FC-AC7B5C15695A}.Release|Any CPU.Build.0 = Release|Any CPU
	EndGlobalSection
	GlobalSection(SolutionProperties) = preSolution
		HideSolutionNode = FALSE
	EndGlobalSection
	GlobalSection(ExtensibilityGlobals) = postSolution
		SolutionGuid = {134FF53B-6C5C-4166-B3B2-EAFB2BDE1EBA}
	EndGlobalSection
EndGlobal
